
Microsoft Visual Studio Solution File, Format Version 12.00
# Visual Studio 15
VisualStudioVersion = 15.0.27703.2042
MinimumVisualStudioVersion = 10.0.40219.1
Project("{9A19103F-16F7-4668-BE54-9A1E7A4F7556}") = "StackExample", "ConsoleApp2\StackExample.csproj", "{7592774A-A83A-4AB1-9B78-A5A46F8D2559}"
EndProject
Global
	GlobalSection(SolutionConfigurationPlatforms) = preSolution
		Debug|Any CPU = Debug|Any CPU
		Release|Any CPU = Release|Any CPU
	EndGlobalSection
	GlobalSection(ProjectConfigurationPlatforms) = postSolution
		{7592774A-A83A-4AB1-9B78-A5A46F8D2559}.Debug|Any CPU.ActiveCfg = Debug|Any CPU
		{7592774A-A83A-4AB1-9B78-A5A46F8D2559}.Debug|Any CPU.Build.0 = Debug|Any CPU
		{7592774A-A83A-4AB1-9B78-A5A46F8D2559}.Release|Any CPU.ActiveCfg = Release|Any CPU
		{7592774A-A83A-4AB1-9B78-A5A46F8D2559}.Release|Any CPU.Build.0 = Release|Any CPU
	EndGlobalSection
	GlobalSection(SolutionProperties) = preSolution
		HideSolutionNode = FALSE
	EndGlobalSection
	GlobalSection(ExtensibilityGlobals) = postSolution
		SolutionGuid = {961F8D60-C588-4967-820A-D073779882DB}
	EndGlobalSection
EndGlobal
